{
  "version": 4,
  "terraform_version": "1.13.3",
  "serial": 2,
  "lineage": "cd798384-2789-372b-edee-2ce902c84bbc",
  "outputs": {
    "droplet_ip": {
      "value": "138.197.38.85",
      "type": "string"
    }
  },
  "resources": [
    {
      "mode": "data",
      "type": "digitalocean_ssh_key",
      "name": "default",
      "provider": "provider[\"registry.terraform.io/digitalocean/digitalocean\"]",
      "instances": [
        {
          "schema_version": 0,
          "attributes": {
            "fingerprint": "4c:12:03:3d:a0:1d:3b:3f:d9:61:53:8b:d6:c2:3b:d5",
            "id": 51672752,
            "name": "youssef-key",
            "public_key": "ssh-rsa AAAAB3NzaC1yc2EAAAADAQABAAACAQC3zOZ3uLwmPXJU+zmdsivSsu4zWRwGrQ8tUSVARofgi42PYiX4DHDq+SGHJ98XSixXNFfUW209Nz6lDn9nD5SepxJzYpQu3dAO8rRoKwp+6dS00RzZKjPJa8XWsALNTwVsCumcjWcdx74BHiKt9jytvM6Z/79Tn8VTEj99bVmimajv/VoMN+A4hvydsGfDWphtJUdnVxAxR/XBBzUDPTjC/DyS067QaAaUE/ymukmRlWqio5e3ImSyc+UuBFmrWE7yL5hy1FD9ay2iWo9DI5phjD2YPyA3HHi78wLuoU2P2uQOfQ+tXdI5fl+4gTv2cJFsgRrUtKOkDRiS26n1VtpWbL1/VWr27xA1DpM6+zFfEkcoPBFkNMuO+4mYgie5JhghiO6thRwxYNX8nFdjbRdY71Lx0m3KtCyDTKVoM7kfCGlPaNz0C95pgE/AwZ6Cc5oHFfPgTZB9OB8xOefqvzc0vlPtWwvj4GghM23ifvJ7xQTV30Z2VANeiE9pcVV581uzP9XAf0jtCU0S9kEk5tCpr3a3mVX17G3nbdZNWtXSTgZ2ngEm2QcauRiK2MAZtpM5CuIrCvtxi6YeuLZ7uLQGXoiVw6F9j9fPMuSVQtw/FkBLdVgmwcyx0QKsZcwul6YtdBwg/YImHW1BkEh6vtn3DRdAZLvom41lfSAhTTCa9Q== youssefnaderr2002@gmail.com"
          },
          "sensitive_attributes": [],
          "identity_schema_version": 0
        }
      ]
    },
    {
      "mode": "managed",
      "type": "digitalocean_droplet",
      "name": "server",
      "provider": "provider[\"registry.terraform.io/digitalocean/digitalocean\"]",
      "instances": [
        {
          "schema_version": 1,
          "attributes": {
            "backup_policy": [],
            "backups": false,
            "created_at": "2025-10-30T04:51:01Z",
            "disk": 25,
            "droplet_agent": null,
            "graceful_shutdown": false,
            "id": "527123038",
            "image": "ubuntu-22-04-x64",
            "ipv4_address": "138.197.38.85",
            "ipv4_address_private": "10.108.0.2",
            "ipv6": false,
            "ipv6_address": "",
            "locked": false,
            "memory": 1024,
            "monitoring": true,
            "name": "ansible-demo",
            "price_hourly": 0.00893,
            "price_monthly": 6,
            "private_networking": true,
            "region": "nyc3",
            "resize_disk": true,
            "size": "s-1vcpu-1gb",
            "ssh_keys": [
              "51672752"
            ],
            "status": "active",
            "tags": [
              "ansible",
              "automation",
              "terraform"
            ],
            "timeouts": null,
            "urn": "do:droplet:527123038",
            "user_data": null,
            "vcpus": 1,
            "volume_ids": [],
            "vpc_uuid": "4960f384-39c3-458a-b52c-2a3d951b8dc9"
          },
          "sensitive_attributes": [],
          "identity_schema_version": 0,
          "private": "eyJlMmJmYjczMC1lY2FhLTExZTYtOGY4OC0zNDM2M2JjN2M0YzAiOnsiY3JlYXRlIjozNjAwMDAwMDAwMDAwLCJkZWxldGUiOjYwMDAwMDAwMDAwLCJ1cGRhdGUiOjM2MDAwMDAwMDAwMDB9LCJzY2hlbWFfdmVyc2lvbiI6IjEifQ==",
          "dependencies": [
            "data.digitalocean_ssh_key.default"
          ]
        }
      ]
    }
  ],
  "check_results": null
}
